{
  "name": "docker4gis",
  "version": "0.0.219",
  "lockfileVersion": 3,
  "requires": true,
  "packages": {
    "": {
      "name": "docker4gis",
      "version": "0.0.219",
      "license": "SEE LICENSE IN LICENSE",
      "dependencies": {
        "bats": "^1.11.0"
      },
      "bin": {
        "docker4gis": "docker4gis"
      }
    },
    "node_modules/bats": {
      "version": "1.11.0",
      "resolved": "https://registry.npmjs.org/bats/-/bats-1.11.0.tgz",
      "integrity": "sha512-qiKdnS4ID3bJ1MaEOKuZe12R4w+t+psJF0ICj+UdkiHBBoObPMHv8xmD3w6F4a5qwUyZUHS+413lxENBNy8xcQ==",
      "bin": {
        "bats": "bin/bats"
      }
    }
  }
}
